{
  "lockfileVersion": 2,
  "configVersion": 1,
  "workspaces": {
    "": {
      "devDependencies": {
        "cssnano": "^9.0.4",
        "npm-run-all2": "^9.0.3",
        "postcss": "^8.5.8",
        "postcss-cli": "^12.0.0",
        "postcss-nesting": "^14.0.0",
      },
    },
  },
  "packages": {
    "@colordx/core": ["@colordx/core@6.7.0", "", {}, "sha512-qtXNzvBH+Bdw3x9ff2+ztv9uL5FQ0Jz+SamLsF9HFbdlrkKmNxrmGRYm64liu6AcPmNWBalSHaWFnlP6EyOy+Q=="],

    "@csstools/css-tokenizer": ["@csstools/css-tokenizer@4.0.1", "", {}, "sha512-bPlN9S9O1A0euCpEWE4qnvB5YDuyYVsUTrxSgmAM1Is0j4tICHoVyOVAXfWMP/kS9ZrjvyIXWV2PmomiAXXqOw=="],

    "@csstools/selector-resolve-nested": ["@csstools/selector-resolve-nested@4.0.1", "", { "peerDependencies": { "postcss-selector-parser": "^7.1.1" } }, "sha512-j3vdQu0XwLME5qOTWxm8cnmvsf423R2YL6DbKklCHZwkDm7UdKNu6RPlw4REIJhSlKBICY3B70/7QZdicLqZgg=="],

    "@csstools/selector-specificity": ["@csstools/selector-specificity@6.0.0", "", { "peerDependencies": { "postcss-selector-parser": "^7.1.1" } }, "sha512-4sSgl78OtOXEX/2d++8A83zHNTgwCJMaR24FvsYL7Uf/VS8HZk9PTwR51elTbGqMuwH3szLvvOXEaVnqn0Z3zA=="],

    "ansi-regex": ["ansi-regex@6.3.0", "", {}, "sha512-WpDfL7NO6j7tH88IDBNVdUJxDh9nmCteAVW9dsep846XdwF4naCBK+/tGLX3KJgcpgMRXCFlTM2hKGoK9FsdrQ=="],

    "ansi-styles": ["ansi-styles@7.0.0", "", {}, "sha512-kKvt3m4uwzqL0wlkPd09CmljPJGOZZ4D0fP65sqFSvPkMRKhNi+74MgIJ5QxE6SxqB4t4KyUFGg8+n5zjo6hew=="],

    "baseline-browser-mapping": ["baseline-browser-mapping@2.11.25", "", { "bin": { "baseline-browser-mapping": "dist/cli.cjs" } }, "sha512-gMmEShwwq7FJqMwvfRwvCl00v4kN+KOfJqXn+f4nrufak5gNHJOksd/60Dvjuz7sI8Y5WiSFBa8FEYr+zoyqCw=="],

    "boolbase": ["boolbase@1.0.0", "", {}, "sha512-JZOSA7Mo9sNGB8+UjSgzdLtokWAky1zbztM3WRLCbZ70/3cTANmQmOdR7y2g+J0e2WXywy1yS468tY+IruqEww=="],

    "browserslist": ["browserslist@4.29.0", "", { "dependencies": { "baseline-browser-mapping": "^2.11.23", "caniuse-lite": "^1.0.30001810", "electron-to-chromium": "^1.5.427", "node-releases": "^2.0.55", "update-browserslist-db": "^1.3.3" }, "bin": { "browserslist": "cli.js" } }, "sha512-3GSvyjvDI4Dur1Meg2BekJquu5uF+9R9a1+5M1Mde192eZoXbeXjzgOsgqPS2V8D5wrrip0gR5Hf/GhWQ9ZzaA=="],

    "caniuse-api": ["caniuse-api@4.0.0", "", { "dependencies": { "browserslist": "^4.0.0", "caniuse-lite": "^1.0.0" } }, "sha512-B0hQ1OLyJuHTQSOWXvwibWqM6DCoqJdvBA6X1S/53bd4XU7LJ1yurIPlrsouol3mw1jh9pGI4ivubSpmJeIqCA=="],

    "caniuse-lite": ["caniuse-lite@1.0.30001812", "", {}, "sha512-qN+QNNBr93TCmFrmte0bBCjSDMuRvt78VlHT99qIGPszm4QsqCX8lnyWUFkHi8B7ZBAPq8SH+UqyXNy/odMdng=="],

    "chokidar": ["chokidar@5.0.0", "", { "dependencies": { "readdirp": "^5.0.0" } }, "sha512-TQMmc3w+5AxjpL8iIiwebF73dRDF4fBIieAqGn9RGCWaEVwQ6Fb2cGe31Yns0RRIzii5goJ1Y7xbMwo1TxMplw=="],

    "cliui": ["cliui@9.0.1", "", { "dependencies": { "string-width": "^7.2.0", "strip-ansi": "^7.1.0", "wrap-ansi": "^9.0.0" } }, "sha512-k7ndgKhwoQveBL+/1tqGJYNz097I7WOvwbmmU2AR5+magtbjPWQTS1C5vzGkBC8Ym8UWRzfKUzUUqFLypY4Q+w=="],

    "commander": ["commander@11.1.0", "", {}, "sha512-yPVavfyCcRhmorC7rWlkHn15b4wDVgVmBA7kV4QVBsF7kv/9TKJAbAXVTxvTnwP8HHKjRCJDClKbciiYS7p0DQ=="],

    "cross-spawn": ["cross-spawn@7.0.6", "", { "dependencies": { "path-key": "^3.1.0", "shebang-command": "^2.0.0", "which": "^2.0.1" } }, "sha512-uV2QOWP2nWzsy2aMp8aRibhi9dlzF5Hgh5SHaB9OiTGEyDTiJJyx0uy51QXdyWbtAHNua4XJzUKca3OzKUd3vA=="],

    "css-select": ["css-select@6.0.0", "", { "dependencies": { "boolbase": "^1.0.0", "css-what": "^7.0.0", "domhandler": "^5.0.3", "domutils": "^3.2.2", "nth-check": "^2.1.1" } }, "sha512-rZZVSLle8v0+EY8QAkDWrKhpgt6SA5OtHsgBnsj6ZaLb5dmDVOWUDtQitd9ydxxvEjhewNudS6eTVU7uOyzvXw=="],

    "css-tree": ["css-tree@3.2.1", "", { "dependencies": { "mdn-data": "2.27.1", "source-map-js": "^1.2.1" } }, "sha512-X7sjQzceUhu1u7Y/ylrRZFU2FS6LRiFVp6rKLPg23y3x3c3DOKAwuXGDp+PAGjh6CSnCjYeAul8pcT8bAl+lSA=="],

    "css-what": ["css-what@7.0.0", "", {}, "sha512-wD5oz5xibMOPHzy13CyGmogB3phdvcDaB5t0W/Nr5Z2O/agcB8YwOz6e2Lsp10pNDzBoDO9nVa3RGs/2BttpHQ=="],

    "cssesc": ["cssesc@3.0.0", "", { "bin": { "cssesc": "bin/cssesc" } }, "sha512-/Tb/JcjK111nNScGob5MNtsntNM1aCNUDipB/TkwZFhyDrrE47SOx/18wF2bbjgc3ZzCSKW1T5nt5EbFoAz/Vg=="],

    "cssnano": ["cssnano@9.0.5", "", { "dependencies": { "cssnano-preset-default": "^9.0.5" }, "peerDependencies": { "postcss": "^8.5.28" } }, "sha512-D25KanNkgIIcJnFvbm1xinel2YWULKjOao+4pv1m2qCR6KPRxOWh4yRQboxhwVVtifwdVa3cVnSL651sAvHQoA=="],

    "cssnano-preset-default": ["cssnano-preset-default@9.0.5", "", { "dependencies": { "browserslist": "^4.29.0", "cssnano-utils": "^7.0.3", "postcss-calc": "^11.2.0", "postcss-colormin": "^9.0.3", "postcss-convert-values": "^9.0.3", "postcss-discard-comments": "^9.0.3", "postcss-discard-duplicates": "^9.0.3", "postcss-discard-empty": "^9.0.3", "postcss-discard-overridden": "^9.0.3", "postcss-merge-longhand": "^9.0.4", "postcss-merge-rules": "^9.0.4", "postcss-minify-font-values": "^9.0.3", "postcss-minify-gradients": "^9.0.3", "postcss-minify-params": "^9.0.3", "postcss-minify-selectors": "^9.0.4", "postcss-normalize-charset": "^9.0.3", "postcss-normalize-display-values": "^9.0.3", "postcss-normalize-positions": "^9.0.3", "postcss-normalize-repeat-style": "^9.0.3", "postcss-normalize-string": "^9.0.3", "postcss-normalize-timing-functions": "^9.0.3", "postcss-normalize-unicode": "^9.0.3", "postcss-normalize-url": "^9.0.3", "postcss-normalize-whitespace": "^9.0.3", "postcss-ordered-values": "^9.0.3", "postcss-reduce-initial": "^9.0.3", "postcss-reduce-transforms": "^9.0.3", "postcss-svgo": "^9.0.3", "postcss-unique-selectors": "^9.0.3" }, "peerDependencies": { "postcss": "^8.5.28" } }, "sha512-psQHWcVYCig5PlA+Ni+l9EFB6ow7RX2CR1rGM5TBsjfP/pFZEyCUK62zZqYBFeR1s4XEQ19qvxlxYkKDERuAoQ=="],

    "cssnano-utils": ["cssnano-utils@7.0.3", "", { "peerDependencies": { "postcss": "^8.5.28" } }, "sha512-KQKwel4/ROikvA9XkOkG7JbmgsipMSl8E7LwvDCjE32zKVz2xjNxxEJxJpbNzCLeeV1WbbD1fRmSUgtuOQeRgg=="],

    "csso": ["csso@5.0.5", "", { "dependencies": { "css-tree": "~2.2.0" } }, "sha512-0LrrStPOdJj+SPCCrGhzryycLjwcgUSHBtxNA8aIDxf0GLsRh1cKYhB00Gd1lDOS4yGH69+SNn13+TWbVHETFQ=="],

    "dependency-graph": ["dependency-graph@1.0.0", "", {}, "sha512-cW3gggJ28HZ/LExwxP2B++aiKxhJXMSIt9K48FOXQkm+vuG5gyatXnLsONRJdzO/7VfjDIiaOOa/bs4l464Lwg=="],

    "dom-serializer": ["dom-serializer@2.0.0", "", { "dependencies": { "domelementtype": "^2.3.0", "domhandler": "^5.0.2", "entities": "^4.2.0" } }, "sha512-wIkAryiqt/nV5EQKqQpo3SToSOV9J0DnbJqwK7Wv/Trc92zIAYZ4FlMu+JPFW1DfGFt81ZTCGgDEabffXeLyJg=="],

    "domelementtype": ["domelementtype@2.3.0", "", {}, "sha512-OLETBj6w0OsagBwdXnPdN0cnMfF9opN69co+7ZrbfPGrdpPVNBUj02spi6B1N7wChLQiPn4CSH/zJvXw56gmHw=="],

    "domhandler": ["domhandler@5.0.3", "", { "dependencies": { "domelementtype": "^2.3.0" } }, "sha512-cgwlv/1iFQiFnU96XXgROh8xTeetsnJiDsTc7TYCLFd9+/WNkIqPTxiM/8pSd8VIrhXGTf1Ny1q1hquVqDJB5w=="],

    "domutils": ["domutils@3.2.2", "", { "dependencies": { "dom-serializer": "^2.0.0", "domelementtype": "^2.3.0", "domhandler": "^5.0.3" } }, "sha512-6kZKyUajlDuqlHKVX1w7gyslj9MPIXzIFiz/rGu35uC1wMi+kMhQwGhl4lt9unC9Vb9INnY9Z3/ZA3+FhASLaw=="],

    "electron-to-chromium": ["electron-to-chromium@1.5.438", "", {}, "sha512-AN9xMU1hJiT65LkCUPL1DZm5TCbOPb2Qsm5pYwFLEXp6/qj9SdT4yMiqs7Qqstwvkn1zF7l36SRGt+s6XcJ0FA=="],

    "emoji-regex": ["emoji-regex@10.6.0", "", {}, "sha512-toUI84YS5YmxW219erniWD0CIVOo46xGKColeNQRgOzDorgBi1v4D71/OFzgD9GO2UGKIv1C3Sp8DAn0+j5w7A=="],

    "entities": ["entities@4.5.0", "", {}, "sha512-V0hjH4dGPh9Ao5p0MoRY6BVqtwCjhz6vI5LT8AJ55H+4g9/4vbHx1I54fS0XuclLhDHArPQCiMjDxjaL8fPxhw=="],

    "escalade": ["escalade@3.2.0", "", {}, "sha512-WUj2qlxaQtO4g6Pq5c29GTcWGDyd8itL8zTlipgECz3JesAiiOKotd8JU6otB3PACgG6xkJUyVhboMS+bje/jA=="],

    "fdir": ["fdir@6.5.0", "", { "peerDependencies": { "picomatch": "^3 || ^4" }, "optionalPeers": ["picomatch"] }, "sha512-tIbYtZbucOs0BRGqPJkshJUYdL+SDH7dVM8gjy+ERp3WAUjLEFJE+02kanyHtwjWOnwrKYBiwAmM0p4kLJAnXg=="],

    "get-caller-file": ["get-caller-file@2.0.5", "", {}, "sha512-DyFP3BM/3YHTQOCUL/w0OZHR0lpKeGrxotcHWcqNEdnltqFwXVfhEBQ94eIo34AfQpo0rGki4cyIiftY06h2Fg=="],

    "get-east-asian-width": ["get-east-asian-width@1.7.0", "", {}, "sha512-XjH1AECxf0giL2V1aU8vKyRR2ppRUb5c0EvT7zuJTokQ74bNo52zOtghqdWIqrhUD79fo3x0WfKZdOqxF6LG1Q=="],

    "isexe": ["isexe@4.0.0", "", {}, "sha512-FFUtZMpoZ8RqHS3XeXEmHWLA4thH+ZxCv2lOiPIn1Xc7CxrqhWzNSDzD+/chS/zbYezmiwWLdQC09JdQKmthOw=="],

    "json-parse-even-better-errors": ["json-parse-even-better-errors@6.0.0", "", {}, "sha512-2/8adwnK1/+Fdjyts4r6wSpfANWw8zdNhU9U/Llk59c6O+DjSisPWPykwoL8gZmocP9Dy64S7oie2g+Mia123A=="],

    "lilconfig": ["lilconfig@3.1.3", "", {}, "sha512-/vlFKAoH5Cgt3Ie+JLhRbwOsCQePABiU3tJ1egGvyQ+33R/vcwM2Zl2QR/LzjsBeItPt3oSVXapn+m4nQDvpzw=="],

    "mdn-data": ["mdn-data@2.27.1", "", {}, "sha512-9Yubnt3e8A0OKwxYSXyhLymGW4sCufcLG6VdiDdUGVkPhpqLxlvP5vl1983gQjJl3tqbrM731mjaZaP68AgosQ=="],

    "memorystream": ["memorystream@0.3.1", "", {}, "sha512-S3UwM3yj5mtUSEfP41UZmt/0SCoVYUcU1rkXv+BQ5Ig8ndL4sPoJNBUJERafdPb5jjHJGuMgytgKvKIf58XNBw=="],

    "nanoid": ["nanoid@3.3.19", "", { "bin": { "nanoid": "bin/nanoid.cjs" } }, "sha512-Y2tUNy4ouw6tq5oDSKeQYGOyhkUBhNOcGV/02KC+6kd9eDGqdZd++mjMiIDilrBYvjEnCYvVtsuHCuP+okSfug=="],

    "node-releases": ["node-releases@2.0.57", "", {}, "sha512-kQK9LGGFiHtrWiNhZtA7Qbw17AQz+dmsEKODRIVTXA9+e5MS/2gZEBhYJt13GrAz5/IOZKddH/0Z3TP/Zgo+yw=="],

    "npm-normalize-package-bin": ["npm-normalize-package-bin@6.0.0", "", {}, "sha512-tdt4aFn9QamlhdN3HV2D2ccpBwO5/fyjjbXUxYA6uBjyekMZcZvDq0aSj9t5Jo+tih6AYFnt/cuIRn9013e0Uw=="],

    "npm-run-all2": ["npm-run-all2@9.0.3", "", { "dependencies": { "ansi-styles": "^7.0.0", "cross-spawn": "^7.0.6", "memorystream": "^0.3.1", "picomatch": "^4.0.2", "pidtree": "^1.0.0", "read-package-json-fast": "^6.0.0", "shell-quote": "^1.8.4", "which": "^7.0.0" }, "bin": { "run-p": "bin/run-p/index.js", "run-s": "bin/run-s/index.js", "npm-run-all": "bin/npm-run-all/index.js", "npm-run-all2": "bin/npm-run-all/index.js" } }, "sha512-BQAEdU1PtYc48qYRdghW2BVTQT3VqWCoFQmO87NlM1h1PYwMCKQpUWaNyB20V26caNzFsXQDfyOdznLlHCih6g=="],

    "nth-check": ["nth-check@2.1.1", "", { "dependencies": { "boolbase": "^1.0.0" } }, "sha512-lqjrjmaOoAnWfMmBPL+XNnynZh2+swxiX3WUE0s4yEHI6m+AwrK2UZOimIRl3X/4QctVqS8AiZjFqyOGrMXb/w=="],

    "path-key": ["path-key@3.1.1", "", {}, "sha512-ojmeN0qd+y0jszEtoY48r0Peq5dwMEkIlCOu6Q5f41lfkswXuKtYrhgoTpLnyIcHm24Uhqx+5Tqm2InSwLhE6Q=="],

    "picocolors": ["picocolors@1.1.1", "", {}, "sha512-xceH2snhtb5M9liqDsmEw56le376mTZkEX/jEb/RxNFyegNul7eNslCXP9FDj/Lcu0X8KEyMceP2ntpaHrDEVA=="],

    "picomatch": ["picomatch@4.0.7", "", {}, "sha512-qcJu88Q2IWqJsDD529JKMdwGm/dvInW4HvQnRwiH9JtihJvzGOscDtHE3x1pBKeUOTysQ8kVmLnJ2kJu7yhcGA=="],

    "pidtree": ["pidtree@1.0.0", "", { "bin": { "pidtree": "bin/pidtree.js" } }, "sha512-avfAvjB9Dd0wdj3rjJX//yS+G79OO0KrS5pJHFJENjYGX6N4SMgEDBBI/yFy0lloOYSaC6XQxzpOAMPfSYFV/Q=="],

    "postcss": ["postcss@8.5.28", "", { "dependencies": { "nanoid": "^3.3.18", "picocolors": "^1.1.1", "source-map-js": "^1.2.1" } }, "sha512-RRuzqDtt5Y9h3quz5hWhK+TPnsmVs6WwSU6LkJMeY4HstUEDuYTG8UJSdawMRzmzAtV+KEoG8N3Qg2qLy5vM/A=="],

    "postcss-calc": ["postcss-calc@11.2.1", "", { "dependencies": { "@csstools/css-tokenizer": "^4.0.1" }, "peerDependencies": { "postcss": "^8.5.28" } }, "sha512-B5KZhrbeVyFznh7aj96O9oYvmipuobzWJVlPZ2NksjHdgSaqiVJ0UijuOuQTk/KVIzrKXp7399AiZGKtZF0jZA=="],

    "postcss-cli": ["postcss-cli@12.0.0", "", { "dependencies": { "chokidar": "^5.0.0", "dependency-graph": "^1.0.0", "picocolors": "^1.0.0", "postcss-load-config": "^6.0.0", "postcss-reporter": "^7.0.0", "pretty-hrtime": "^1.0.3", "read-cache": "^1.0.0", "slash": "^5.0.0", "tinyglobby": "^0.2.12", "yargs": "^18.0.0" }, "peerDependencies": { "postcss": "^8.0.0" }, "bin": { "postcss": "index.js" } }, "sha512-57J2u1NuXuqGXftaK9JFEr/J3vtLzWpdN+RHs8GeeKUlvX7PU18VQJA57t0Rzf4CmbSfQApCwJIPrSFanQu5tQ=="],

    "postcss-colormin": ["postcss-colormin@9.0.3", "", { "dependencies": { "@colordx/core": "^6.5.0", "browserslist": "^4.29.0", "caniuse-api": "^4.0.0", "postcss-value-parser": "^4.2.0" }, "peerDependencies": { "postcss": "^8.5.28" } }, "sha512-xsbxiXbKAGOjOFdQNNGh21QHg1HLpa+GOSXshs4gK5ig239swc6lfYHFOHhHm6PR+BCVeYURqcMlNGpBZSf1Tg=="],

    "postcss-convert-values": ["postcss-convert-values@9.0.3", "", { "dependencies": { "browserslist": "^4.29.0", "postcss-value-parser": "^4.2.0" }, "peerDependencies": { "postcss": "^8.5.28" } }, "sha512-3Yf/iYGA7Ahh92ltj/xyhRxtZN2duczV+5n/Z63u6IPQtLVYwusACFF+h0OAok9umwTmmzqT+Nxwc2gZScwyKw=="],

    "postcss-discard-comments": ["postcss-discard-comments@9.0.3", "", { "dependencies": { "postcss-selector-parser": "^7.1.6" }, "peerDependencies": { "postcss": "^8.5.28" } }, "sha512-qz3KiFa8/YNYzjEY7/FUpAewO3thNGbHqCkyRHX5z7CJ8mo2VPJxHq9nsFfOVbI1sByiixMSEoHBj7kAvtvMUA=="],

    "postcss-discard-duplicates": ["postcss-discard-duplicates@9.0.3", "", { "peerDependencies": { "postcss": "^8.5.28" } }, "sha512-uiswjCfSwKUK8JjuyGyMqo6Zte5YXkXkOYHipmZegtAj9JFOC1Tdd0eaxtDWxLNAJUUzaN6REVpsMxbQvhdmfA=="],

    "postcss-discard-empty": ["postcss-discard-empty@9.0.3", "", { "peerDependencies": { "postcss": "^8.5.28" } }, "sha512-1h7JrXrHVr9IGTNMKcvyLqhlDeDU83zXyda88jbm6tAgtRBPNARR/RUx3uuCzY1dHD7+jw5p6jmhvkzu4XCwNg=="],

    "postcss-discard-overridden": ["postcss-discard-overridden@9.0.3", "", { "peerDependencies": { "postcss": "^8.5.28" } }, "sha512-lNBihnDFCtPccDLqdWRg0dpZSAhHWc4NHvgf9CYXE5It+NP32IH6lE3aMpIUplADdU/wA9krEf2NStFmsZfcxQ=="],

    "postcss-load-config": ["postcss-load-config@6.0.1", "", { "dependencies": { "lilconfig": "^3.1.1" }, "peerDependencies": { "jiti": ">=1.21.0", "postcss": ">=8.0.9", "tsx": "^4.8.1", "yaml": "^2.4.2" }, "optionalPeers": ["jiti", "postcss", "tsx", "yaml"] }, "sha512-oPtTM4oerL+UXmx+93ytZVN82RrlY/wPUV8IeDxFrzIjXOLF1pN+EmKPLbubvKHT2HC20xXsCAH2Z+CKV6Oz/g=="],

    "postcss-merge-longhand": ["postcss-merge-longhand@9.0.4", "", { "dependencies": { "postcss-value-parser": "^4.2.0", "stylehacks": "^9.0.4" }, "peerDependencies": { "postcss": "^8.5.28" } }, "sha512-3/u8IyAJh3gTTkEbhn3tMWIVL2dLsLpSmMckkcx+1JWQw2Ja3tR2W7fYueJvXO6whVb1tD+5DKNDGrqvwn29vA=="],

    "postcss-merge-rules": ["postcss-merge-rules@9.0.4", "", { "dependencies": { "browserslist": "^4.29.0", "caniuse-api": "^4.0.0", "cssnano-utils": "^7.0.3", "postcss-selector-parser": "^7.1.6" }, "peerDependencies": { "postcss": "^8.5.28" } }, "sha512-dox3Ju5TpvUBqe4neVvZoLg8xEXqqzUx3NVSUI/s7fePpMZmfKzYkGt0Y6Qa/1ZFIvSCteR8VcpUO5WpY/hbiQ=="],

    "postcss-minify-font-values": ["postcss-minify-font-values@9.0.3", "", { "dependencies": { "postcss-value-parser": "^4.2.0" }, "peerDependencies": { "postcss": "^8.5.28" } }, "sha512-VFZuEOOURhOI6uJAONOtdLLVLDe3HLhvFWxdN9CWhWcAV8fEBWoudCsOS2nLfS4g9esGpuCTely/WK7b8kjdIg=="],

    "postcss-minify-gradients": ["postcss-minify-gradients@9.0.3", "", { "dependencies": { "@colordx/core": "^6.5.0", "cssnano-utils": "^7.0.3", "postcss-value-parser": "^4.2.0" }, "peerDependencies": { "postcss": "^8.5.28" } }, "sha512-Sp5dA1hzWaKTia48xGPar+z41KJH/3K1RXH+u8xVd3Z1n+mN/Bq24YzdMMqILWkiUmf0cVR0pCmnM0y4/q8WPw=="],

    "postcss-minify-params": ["postcss-minify-params@9.0.3", "", { "dependencies": { "browserslist": "^4.29.0", "cssnano-utils": "^7.0.3", "postcss-value-parser": "^4.2.0" }, "peerDependencies": { "postcss": "^8.5.28" } }, "sha512-JMYvQgRFn3y48n+w3vmxXbCXQ5yzxsF/q8gV+FzRaub5XwxMHyp2EjnoJ0e2JuVqgjwZWl/C+pKLttDe+c8SOg=="],

    "postcss-minify-selectors": ["postcss-minify-selectors@9.0.4", "", { "dependencies": { "browserslist": "^4.29.0", "caniuse-api": "^4.0.0", "cssesc": "^3.0.0", "postcss-selector-parser": "^7.1.6" }, "peerDependencies": { "postcss": "^8.5.28" } }, "sha512-zVtrrghYrUEilsvTFwrgUJHk+mLoNJ8eEdLXwS6bWD/Pth2mkIUg9rKXP9MO4li4n0ty2d3wV4bb155vmxuyPg=="],

    "postcss-nesting": ["postcss-nesting@14.0.1", "", { "dependencies": { "@csstools/selector-resolve-nested": "^4.0.1", "@csstools/selector-specificity": "^6.0.0", "postcss-selector-parser": "^7.1.1" }, "peerDependencies": { "postcss": "^8.4" } }, "sha512-80MH7KcmMtb7ffSBX82uZwnogltubaXF0sagu+OGD8M9jViR3ngRgCdoTzKCvKEtllB0MW2U7Rgfcub5fR1Bug=="],

    "postcss-normalize-charset": ["postcss-normalize-charset@9.0.3", "", { "peerDependencies": { "postcss": "^8.5.28" } }, "sha512-SsxF9aTeuBGwfBAKziZ0eSGQg4KEQW5R999PodsEwdzS4Lr6WNFpfO1ktri4c68ZMjs+kPUz9+guSk6TfIWp2A=="],

    "postcss-normalize-display-values": ["postcss-normalize-display-values@9.0.3", "", { "dependencies": { "postcss-value-parser": "^4.2.0" }, "peerDependencies": { "postcss": "^8.5.28" } }, "sha512-nD/tCkcCziBj8PGTxMuy/p40x99+2HZs9/HIHw91RXya5qqw/C09VOHfI9GTFWSSJJVsLJ2RQ2bUqGnx0iDpqQ=="],

    "postcss-normalize-positions": ["postcss-normalize-positions@9.0.3", "", { "dependencies": { "postcss-value-parser": "^4.2.0" }, "peerDependencies": { "postcss": "^8.5.28" } }, "sha512-0B6u3RT9WrbrqPw0NS4swiGCMaqZ2O8P+I5HleENTByByiNEgRmnnuXfyOVi1ednMJl+2uFOH+Y4C2KzQSSCYA=="],

    "postcss-normalize-repeat-style": ["postcss-normalize-repeat-style@9.0.3", "", { "dependencies": { "postcss-value-parser": "^4.2.0" }, "peerDependencies": { "postcss": "^8.5.28" } }, "sha512-IGuDX6KRUJmp6t+/wcs4vr9JbQj/mg4cR0VcV1ur8gJQnhEPN0FjG1MDbPlWIhl3BMk3idka4G0U24mlAg9I8w=="],

    "postcss-normalize-string": ["postcss-normalize-string@9.0.3", "", { "dependencies": { "postcss-value-parser": "^4.2.0" }, "peerDependencies": { "postcss": "^8.5.28" } }, "sha512-gTA+LPbU/RHqR251bFZqqh0ySMVdwpJK6XU2Gjn+Y8XSa1lC6UIuwc5H7DsrlJqAfTDbqfYozKLgE1lOyBE1Xg=="],

    "postcss-normalize-timing-functions": ["postcss-normalize-timing-functions@9.0.3", "", { "dependencies": { "postcss-value-parser": "^4.2.0" }, "peerDependencies": { "postcss": "^8.5.28" } }, "sha512-vDI1J5jaQeXo6AsMvEbhGejT69bE5bfBEIVrxgXKebuf1861Cza6Nq1wRM8mgSxTuDGLvHdP3KMHV+B2Xn/mqw=="],

    "postcss-normalize-unicode": ["postcss-normalize-unicode@9.0.3", "", { "dependencies": { "browserslist": "^4.29.0", "postcss-value-parser": "^4.2.0" }, "peerDependencies": { "postcss": "^8.5.28" } }, "sha512-AX03a9RGOeeACOarLkwCSaVQhpwMngvAf9A6lHAqDPM1l/lCIY+0dnWzz0WCGHI0ocUCttMCJDCI2VbI2WWS6w=="],

    "postcss-normalize-url": ["postcss-normalize-url@9.0.3", "", { "dependencies": { "postcss-value-parser": "^4.2.0" }, "peerDependencies": { "postcss": "^8.5.28" } }, "sha512-PxQoFeTVCYxAyTWdj2olqIKQL3a0Uugb7gI4dD+m1CymA6AsULMZuP1c6ES43eWwiY1KMg37kb8exQO9Z1Hqbg=="],

    "postcss-normalize-whitespace": ["postcss-normalize-whitespace@9.0.3", "", { "dependencies": { "postcss-value-parser": "^4.2.0" }, "peerDependencies": { "postcss": "^8.5.28" } }, "sha512-0Zd0WZFuBKqGOFUrlL3izf3wX8na5mj+zHxCKt32Ow/gliKrjRhibpF5YaO7fTQhZZ1/r7ewzR+TijO0iQHHjQ=="],

    "postcss-ordered-values": ["postcss-ordered-values@9.0.3", "", { "dependencies": { "cssnano-utils": "^7.0.3", "postcss-value-parser": "^4.2.0" }, "peerDependencies": { "postcss": "^8.5.28" } }, "sha512-gMzZp0Qxcj7OW+3tnVTOzajeTRLCrSUaIHC15/ONSbOOHbZAfsEiHHkqXw65yi4dVicsq0izJkRmPLkzxiGoyA=="],

    "postcss-reduce-initial": ["postcss-reduce-initial@9.0.3", "", { "dependencies": { "browserslist": "^4.29.0", "caniuse-api": "^4.0.0" }, "peerDependencies": { "postcss": "^8.5.28" } }, "sha512-UiT13uklA++BWtZKJ7KkbIq3tt5FgsLM0nRIgOT08KprJEaEU8gC5Wh+2k+jXkf81kiAvy+8w6awCNCWJivRJg=="],

    "postcss-reduce-transforms": ["postcss-reduce-transforms@9.0.3", "", { "dependencies": { "postcss-value-parser": "^4.2.0" }, "peerDependencies": { "postcss": "^8.5.28" } }, "sha512-EmoMBmnnreNFkqQWutR+dHfJcBqNGaPdrXweISoERrc98+y1mCaaRhgIx8u/WuVRbu7e2hyXxHCGBwo1ejV3Cw=="],

    "postcss-reporter": ["postcss-reporter@7.1.0", "", { "dependencies": { "picocolors": "^1.0.0", "thenby": "^1.3.4" }, "peerDependencies": { "postcss": "^8.1.0" } }, "sha512-/eoEylGWyy6/DOiMP5lmFRdmDKThqgn7D6hP2dXKJI/0rJSO1ADFNngZfDzxL0YAxFvws+Rtpuji1YIHj4mySA=="],

    "postcss-selector-parser": ["postcss-selector-parser@7.1.6", "", { "dependencies": { "cssesc": "^3.0.0", "util-deprecate": "^1.0.2" } }, "sha512-7qASPzhKF2l2KLboRZux8CCTRMdGiV08vWmyKzPz22qZ7ZjQBOeY7rNzNoCLSUiftJ7HUq0GERHmxw/t0dCdMw=="],

    "postcss-svgo": ["postcss-svgo@9.0.3", "", { "dependencies": { "postcss-value-parser": "^4.2.0", "svgo": "^4.1.0" }, "peerDependencies": { "postcss": "^8.5.28" } }, "sha512-i1S4LAAf0DZ0Y43T/f/HOkAr+DiWaQzOjTm4qLNDAGcF//foBld+NXfrIe7yEDy+vVQiaSu8+72JFzeOzQlmng=="],

    "postcss-unique-selectors": ["postcss-unique-selectors@9.0.3", "", { "dependencies": { "postcss-selector-parser": "^7.1.6" }, "peerDependencies": { "postcss": "^8.5.28" } }, "sha512-Z+O6Jjb++X6OH1mPyIPHJ5PLVsnxpWcwvsTdBoff7vn6fn4IvC3iLTKazoa0z1YJK6RatYiEVvvySLunaO5Qzg=="],

    "postcss-value-parser": ["postcss-value-parser@4.2.0", "", {}, "sha512-1NNCs6uurfkVbeXG4S8JFT9t19m45ICnif8zWLd5oPSZ50QnwMfK+H3jv408d4jw/7Bttv5axS5IiHoLaVNHeQ=="],

    "pretty-hrtime": ["pretty-hrtime@1.0.3", "", {}, "sha512-66hKPCr+72mlfiSjlEB1+45IjXSqvVAIy6mocupoww4tBFE9R9IhwwUGoI4G++Tc9Aq+2rxOt0RFU6gPcrte0A=="],

    "read-cache": ["read-cache@1.0.2", "", {}, "sha512-/peqiBB/n07gQGLsWaHho3WfvUyRscw0gYTsEFMhrIe/nWLkYaf5SbKYjGYqtRV3aPwykJgF2VEMo1ac4bnsGA=="],

    "read-package-json-fast": ["read-package-json-fast@6.0.0", "", { "dependencies": { "json-parse-even-better-errors": "^6.0.0", "npm-normalize-package-bin": "^6.0.0" } }, "sha512-PNaGjoCnw9DBA2Kl8D+8po957z778q/HOPuY2u3Bkw/JO3eC8MDx7jn/PgMtSgpcBbs+6UOjDbwReGpXmRvs0g=="],

    "readdirp": ["readdirp@5.1.1", "", {}, "sha512-Kko+Y5XQ6fM+Ce3dq3m9YGxnacYZYl9cA1wZjaF3Vbry2L3i1qVg8+CAgNPsXRArPMUMCaOR7oa9Nqntc43JKA=="],

    "sax": ["sax@1.6.1", "", {}, "sha512-42tBVwLWnaQvW5zc4HbZrTuWccECCZfBi92FDuwtqxasH+JbPB3/FOKb1m222K42R4WxuxzzMsTswfzgtSu64Q=="],

    "shebang-command": ["shebang-command@2.0.0", "", { "dependencies": { "shebang-regex": "^3.0.0" } }, "sha512-kHxr2zZpYtdmrN1qDjrrX/Z1rR1kG8Dx+gkpK1G4eXmvXswmcE1hTWBWYUzlraYw1/yZp6YuDY77YtvbN0dmDA=="],

    "shebang-regex": ["shebang-regex@3.0.0", "", {}, "sha512-7++dFhtcx3353uBaq8DDR4NuxBetBzC7ZQOhmTQInHEd6bSrXdiEyzCvG07Z44UYdLShWUyXt5M/yhz8ekcb1A=="],

    "shell-quote": ["shell-quote@1.10.0", "", {}, "sha512-w1aiOKwKuRgtwAReIIj89puqg+I7GvX4IbLrvmhXbzQsj1+Zwi4VO3+fa6ZF91TWSjIxoEkKnMeHcLEODK5ZXA=="],

    "slash": ["slash@5.1.0", "", {}, "sha512-ZA6oR3T/pEyuqwMgAKT0/hAv8oAXckzbkmR0UkUosQ+Mc4RxGoJkRmwHgHufaenlyAgE1Mxgpdcrf75y6XcnDg=="],

    "source-map-js": ["source-map-js@1.2.1", "", {}, "sha512-UXWMKhLOwVKb728IUtQPXxfYU+usdybtUrK/8uGE8CQMvrhOpwvzDBwj0QhSL7MQc7vIsISBG8VQ8+IDQxpfQA=="],

    "string-width": ["string-width@8.2.2", "", { "dependencies": { "get-east-asian-width": "^1.5.0", "strip-ansi": "^7.1.2" } }, "sha512-GaPUh5gfdrYzqeVNZvUfT23vYYxXzKYidUcnMtJg/3rxRV63EFZy3k6xfKlmfeJD0176lnUV/Usr3XcwSvFzpg=="],

    "strip-ansi": ["strip-ansi@7.2.0", "", { "dependencies": { "ansi-regex": "^6.2.2" } }, "sha512-yDPMNjp4WyfYBkHnjIRLfca1i6KMyGCtsVgoKe/z1+6vukgaENdgGBZt+ZmKPc4gavvEZ5OgHfHdrazhgNyG7w=="],

    "stylehacks": ["stylehacks@9.0.4", "", { "dependencies": { "browserslist": "^4.29.0", "postcss-selector-parser": "^7.1.6" }, "peerDependencies": { "postcss": "^8.5.28" } }, "sha512-9ZZtqFGNsw03QhFLAXmyNdxs2gSQgDy/2yhhfLpsELxlh5Iry3Cl7TBfI4je3JUccr4EQmO5ikZZGvNX4e6oVA=="],

    "svgo": ["svgo@4.1.0", "", { "dependencies": { "commander": "^11.1.0", "css-select": "^6.0.0", "css-tree": "^3.0.1", "css-what": "^7.0.0", "csso": "^5.0.5", "picocolors": "^1.1.1", "sax": "1.6.1" }, "bin": { "svgo": "bin/svgo.js" } }, "sha512-bkxnTg1kSU0guhIBmibA6UUhrQmPVA1XsQLN+ylCd+UWzbnLkySOcXpyk1mrl05f+pcaCx2eHb+sp6BgMZWX+Q=="],

    "thenby": ["thenby@1.4.1", "", {}, "sha512-D5a/bO0KdalOE3q8MlrRmSxjbKZHT3MQmXkJP+r97Vw8MMwOZKOwUSEyTtK7eSMj2y0kyAjpYMRMZmmLw1FtNQ=="],

    "tinyglobby": ["tinyglobby@0.2.17", "", { "dependencies": { "fdir": "^6.5.0", "picomatch": "^4.0.4" } }, "sha512-wXR/dYpcqKmfWpEdZjiKJOwCNFndD0DMnrW/cYjVGttEkBfVgcLFHoNrlj47mjOVic9yyNu65alsgF4NQyTa2g=="],

    "update-browserslist-db": ["update-browserslist-db@1.3.3", "", { "dependencies": { "escalade": "^3.2.0", "picocolors": "^1.1.1" }, "peerDependencies": { "browserslist": ">= 4.21.0" }, "bin": { "update-browserslist-db": "cli.js" } }, "sha512-pJ2sYawQS0R/WI928Gj5GlPhTGzbMelq0+4INtSYNDV9ErKJcX6xjGWkoG/VnB3dpUm00zALaqkrUD77pO5TDQ=="],

    "util-deprecate": ["util-deprecate@1.0.2", "", {}, "sha512-EPD5q1uXyFxJpCrLnCc1nHnq3gOa6DZBocAIiI2TaSCA7VCJ1UJDMagCzIkXNsUYfD1daK//LTEQ8xiIbrHtcw=="],

    "which": ["which@7.0.0", "", { "dependencies": { "isexe": "^4.0.0" }, "bin": { "node-which": "bin/which.js" } }, "sha512-RancgH2dmbLdHl6LRhEqvklWMgl/Hdnun0Y90KhBOLkMefg8Qa7/Zel8Sm+8HEcP6DEjzsWzpkuBQEZok58isA=="],

    "wrap-ansi": ["wrap-ansi@9.0.2", "", { "dependencies": { "ansi-styles": "^6.2.1", "string-width": "^7.0.0", "strip-ansi": "^7.1.0" } }, "sha512-42AtmgqjV+X1VpdOfyTGOYRi0/zsoLqtXQckTmqTeybT+BDIbM/Guxo7x3pE2vtpr1ok6xRqM9OpBe+Jyoqyww=="],

    "y18n": ["y18n@5.0.8", "", {}, "sha512-0pfFzegeDWJHJIAmTLRP2DwHjdF5s7jo9tuztdQxAhINCdvS+3nGINqPd00AphqJR/0LhANUS6/+7SCb98YOfA=="],

    "yargs": ["yargs@18.2.0", "", { "dependencies": { "cliui": "^9.0.1", "escalade": "^3.1.1", "get-caller-file": "^2.0.5", "string-width": "^8.2.1", "y18n": "^5.0.5", "yargs-parser": "^22.0.0" } }, "sha512-9OpKOLeaoNFecEp7P6iYbzze/5CqWoH7N3SMs/6y1XF4nMvFMspEGZzJ6uFi9MmQwXhyzqYoSEKO3tvA3Z/o2w=="],

    "yargs-parser": ["yargs-parser@22.0.0", "", {}, "sha512-rwu/ClNdSMpkSrUb+d6BRsSkLUq1fmfsY6TOpYzTwvwkg1/NRG85KBy3kq++A8LKQwX6lsu+aWad+2khvuXrqw=="],

    "cliui/string-width": ["string-width@7.2.0", "", { "dependencies": { "emoji-regex": "^10.3.0", "get-east-asian-width": "^1.0.0", "strip-ansi": "^7.1.0" } }, "sha512-tsaTIkKW9b4N+AEj+SVA+WhJzV7/zMhcSu78mLKWSk7cXMOSHsBKFWUs0fWwq8QyK3MgJBQRX6Gbi4kYbdvGkQ=="],

    "cross-spawn/which": ["which@2.0.2", "", { "dependencies": { "isexe": "^2.0.0" }, "bin": { "node-which": "./bin/node-which" } }, "sha512-BLI3Tl1TW3Pvl70l3yq3Y64i+awpwXqsGBYWkkqMtnbXgrMD+yj7rhW0kuEDxzJaYXGjEW5ogapKNMEKNMjibA=="],

    "csso/css-tree": ["css-tree@2.2.1", "", { "dependencies": { "mdn-data": "2.0.28", "source-map-js": "^1.0.1" } }, "sha512-OA0mILzGc1kCOCSJerOeqDxDQ4HOh+G8NbOJFOTgOCzpw7fCBubk0fEyxp8AgOL/jvLgYA/uV0cMbe43ElF1JA=="],

    "wrap-ansi/ansi-styles": ["ansi-styles@6.2.3", "", {}, "sha512-4Dj6M28JB+oAH8kFkTLUo+a2jwOFkuqb3yucU0CANcRRUbxS0cP0nZYCGjcc3BNXwRIsUVmDGgzawme7zvJHvg=="],

    "wrap-ansi/string-width": ["string-width@7.2.0", "", { "dependencies": { "emoji-regex": "^10.3.0", "get-east-asian-width": "^1.0.0", "strip-ansi": "^7.1.0" } }, "sha512-tsaTIkKW9b4N+AEj+SVA+WhJzV7/zMhcSu78mLKWSk7cXMOSHsBKFWUs0fWwq8QyK3MgJBQRX6Gbi4kYbdvGkQ=="],

    "cross-spawn/which/isexe": ["isexe@2.0.0", "", {}, "sha512-RHxMLp9lnKHGHRng9QFhRCMbYAcVpn69smSGcq3f36xjgVVWThj4qqLbTLlq7Ssj8B+fIQ1EuCEGI2lKsyQeIw=="],

    "csso/css-tree/mdn-data": ["mdn-data@2.0.28", "", {}, "sha512-aylIc7Z9y4yzHYAJNuESG3hfhC+0Ibp/MAMiaOZgNv4pmEdFyfZhhhny4MNiAfWdBQ1RQ2mfDWmM1x8SvGyp8g=="],
  }
}
